{
  "name": "cronshandler",
  "version": "2.0.0",
  "lockfileVersion": 3,
  "requires": true,
  "packages": {
    "": {
      "name": "cronshandler",
      "version": "2.0.0",
      "license": "Apache-2.0",
      "dependencies": {
        "@internationalized/date": "^3.5.4",
        "date-fns": "^3.6.0"
      },
      "devDependencies": {
        "@types/aws-lambda": "^8.10.92"
      }
    },
    "node_modules/@internationalized/date": {
      "version": "3.5.4",
      "resolved": "https://registry.npmjs.org/@internationalized/date/-/date-3.5.4.tgz",
      "integrity": "sha512-qoVJVro+O0rBaw+8HPjUB1iH8Ihf8oziEnqMnvhJUSuVIrHOuZ6eNLHNvzXJKUvAtaDiqMnRlg8Z2mgh09BlUw==",
      "dependencies": {
        "@swc/helpers": "^0.5.0"
      }
    },
    "node_modules/@swc/helpers": {
      "version": "0.5.12",
      "resolved": "https://registry.npmjs.org/@swc/helpers/-/helpers-0.5.12.tgz",
      "integrity": "sha512-KMZNXiGibsW9kvZAO1Pam2JPTDBm+KSHMMHWdsyI/1DbIZjT2A6Gy3hblVXUMEDvUAKq+e0vL0X0o54owWji7g==",
      "dependencies": {
        "tslib": "^2.4.0"
      }
    },
    "node_modules/@types/aws-lambda": {
      "version": "8.10.141",
      "resolved": "https://registry.npmjs.org/@types/aws-lambda/-/aws-lambda-8.10.141.tgz",
      "integrity": "sha512-SMWlRBukG9KV8ZNjwemp2AzDibp/czIAeKKTw09nCPbWxVskIxactCJCGOp4y6I1hCMY7T7UGfySvBLXNeUbEw==",
      "dev": true
    },
    "node_modules/date-fns": {
      "version": "3.6.0",
      "resolved": "https://registry.npmjs.org/date-fns/-/date-fns-3.6.0.tgz",
      "integrity": "sha512-fRHTG8g/Gif+kSh50gaGEdToemgfj74aRX3swtiouboip5JDLAyDE9F11nHMIcvOaXeOC6D7SpNhi7uFyB7Uww==",
      "funding": {
        "type": "github",
        "url": "https://github.com/sponsors/kossnocorp"
      }
    },
    "node_modules/tslib": {
      "version": "2.6.3",
      "resolved": "https://registry.npmjs.org/tslib/-/tslib-2.6.3.tgz",
      "integrity": "sha512-xNvxJEOUiWPGhUuUdQgAJPKOOJfGnIyKySOc09XkKsgdUV/3E2zvwZYdejjmRgPCgcym1juLH3226yA7sEFJKQ=="
    }
  }
}
